
Microsoft Visual Studio Solution File, Format Version 12.00
Project("{FAE04EC0-301F-11D3-BF4B-00C04F79EFBC}") = "DAGDialogueSystem", "DAGDialogueSystem\DAGDialogueSystem.csproj", "{78BAB528-9E33-454E-A037-C5225DCE9D93}"
EndProject
Global
	GlobalSection(SolutionConfigurationPlatforms) = preSolution
		Debug|Any CPU = Debug|Any CPU
		Release|Any CPU = Release|Any CPU
	EndGlobalSection
	GlobalSection(ProjectConfigurationPlatforms) = postSolution
		{78BAB528-9E33-454E-A037-C5225DCE9D93}.Debug|Any CPU.ActiveCfg = Debug|Any CPU
		{78BAB528-9E33-454E-A037-C5225DCE9D93}.Debug|Any CPU.Build.0 = Debug|Any CPU
		{78BAB528-9E33-454E-A037-C5225DCE9D93}.Release|Any CPU.ActiveCfg = Release|Any CPU
		{78BAB528-9E33-454E-A037-C5225DCE9D93}.Release|Any CPU.Build.0 = Release|Any CPU
	EndGlobalSection
EndGlobal
